// !$*UTF8*$!
{
	archiveVersion = 1;
	classes = {
	};
	objectVersion = 77;
	objects = {

/* Begin PBXBuildFile section */
		14897B392FC380BC009A7629 /* StoreKit.framework in Frameworks */ = {isa = PBXBuildFile; fileRef = 14897B382FC380BC009A7629 /* StoreKit.framework */; };
		14898A132FC5F4D0009A7629 /* WidgetKit.framework in Frameworks */ = {isa = PBXBuildFile; fileRef = 14898A122FC5F4D0009A7629 /* WidgetKit.framework */; };
		14898A152FC5F4D0009A7629 /* SwiftUI.framework in Frameworks */ = {isa = PBXBuildFile; fileRef = 14898A142FC5F4D0009A7629 /* SwiftUI.framework */; };
		14898A242FC5F4D2009A7629 /* LiftLogicWidgetExtension.appex in Embed Foundation Extensions */ = {isa = PBXBuildFile; fileRef = 14898A112FC5F4D0009A7629 /* LiftLogicWidgetExtension.appex */; settings = {ATTRIBUTES = (RemoveHeadersOnCopy, ); }; };
/* End PBXBuildFile section */

/* Begin PBXContainerItemProxy section */
		143A8F892FC12B7400A0D047 /* PBXContainerItemProxy */ = {
			isa = PBXContainerItemProxy;
			containerPortal = 143A8F712FC12B7100A0D047 /* Project object */;
			proxyType = 1;
			remoteGlobalIDString = 143A8F782FC12B7100A0D047;
			remoteInfo = LiftLogic;
		};
		143A8F932FC12B7400A0D047 /* PBXContainerItemProxy */ = {
			isa = PBXContainerItemProxy;
			containerPortal = 143A8F712FC12B7100A0D047 /* Project object */;
			proxyType = 1;
			remoteGlobalIDString = 143A8F782FC12B7100A0D047;
			remoteInfo = LiftLogic;
		};
		14898A222FC5F4D2009A7629 /* PBXContainerItemProxy */ = {
			isa = PBXContainerItemProxy;
			containerPortal = 143A8F712FC12B7100A0D047 /* Project object */;
			proxyType = 1;
			remoteGlobalIDString = 14898A102FC5F4D0009A7629;
			remoteInfo = LiftLogicWidgetExtension;
		};
/* End PBXContainerItemProxy section */

/* Begin PBXCopyFilesBuildPhase section */
		14898A292FC5F4D2009A7629 /* Embed Foundation Extensions */ = {
			isa = PBXCopyFilesBuildPhase;
			buildActionMask = 2147483647;
			dstPath = "";
			dstSubfolderSpec = 13;
			files = (
				14898A242FC5F4D2009A7629 /* LiftLogicWidgetExtension.appex in Embed Foundation Extensions */,
			);
			name = "Embed Foundation Extensions";
			runOnlyForDeploymentPostprocessing = 0;
		};
/* End PBXCopyFilesBuildPhase section */

/* Begin PBXFileReference section */
		143A8F792FC12B7100A0D047 /* LiftLogic.app */ = {isa = PBXFileReference; explicitFileType = wrapper.application; includeInIndex = 0; path = LiftLogic.app; sourceTree = BUILT_PRODUCTS_DIR; };
		143A8F882FC12B7400A0D047 /* LiftLogicTests.xctest */ = {isa = PBXFileReference; explicitFileType = wrapper.cfbundle; includeInIndex = 0; path = LiftLogicTests.xctest; sourceTree = BUILT_PRODUCTS_DIR; };
		143A8F922FC12B7400A0D047 /* LiftLogicUITests.xctest */ = {isa = PBXFileReference; explicitFileType = wrapper.cfbundle; includeInIndex = 0; path = LiftLogicUITests.xctest; sourceTree = BUILT_PRODUCTS_DIR; };
		14897B382FC380BC009A7629 /* StoreKit.framework */ = {isa = PBXFileReference; lastKnownFileType = wrapper.framework; name = StoreKit.framework; path = System/Library/Frameworks/StoreKit.framework; sourceTree = SDKROOT; };
		14898A112FC5F4D0009A7629 /* LiftLogicWidgetExtension.appex */ = {isa = PBXFileReference; explicitFileType = "wrapper.app-extension"; includeInIndex = 0; path = LiftLogicWidgetExtension.appex; sourceTree = BUILT_PRODUCTS_DIR; };
		14898A122FC5F4D0009A7629 /* WidgetKit.framework */ = {isa = PBXFileReference; lastKnownFileType = wrapper.framework; name = WidgetKit.framework; path = System/Library/Frameworks/WidgetKit.framework; sourceTree = SDKROOT; };
		14898A142FC5F4D0009A7629 /* SwiftUI.framework */ = {isa = PBXFileReference; lastKnownFileType = wrapper.framework; name = SwiftUI.framework; path = System/Library/Frameworks/SwiftUI.framework; sourceTree = SDKROOT; };
		149118FA302952540038180D /* LiftLogicWidgetExtension.entitlements */ = {isa = PBXFileReference; lastKnownFileType = text.plist.entitlements; path = LiftLogicWidgetExtension.entitlements; sourceTree = "<group>"; };
/* End PBXFileReference section */

/* Begin PBXFileSystemSynchronizedBuildFileExceptionSet section */
		14898A022FC55371009A7629 /* Exceptions for "LiftLogic" folder in "LiftLogic" target */ = {
			isa = PBXFileSystemSynchronizedBuildFileExceptionSet;
			membershipExceptions = (
				Info.plist,
			);
			target = 143A8F782FC12B7100A0D047 /* LiftLogic */;
		};
		14898A282FC5F4D2009A7629 /* Exceptions for "LiftLogicWidget" folder in "LiftLogicWidgetExtension" target */ = {
			isa = PBXFileSystemSynchronizedBuildFileExceptionSet;
			membershipExceptions = (
				Info.plist,
			);
			target = 14898A102FC5F4D0009A7629 /* LiftLogicWidgetExtension */;
		};
		14898A2D2FC5F6BF009A7629 /* Exceptions for "LiftLogic" folder in "LiftLogicWidgetExtension" target */ = {
			isa = PBXFileSystemSynchronizedBuildFileExceptionSet;
			membershipExceptions = (
				Models/RestTimerAttributes.swift,
			);
			target = 14898A102FC5F4D0009A7629 /* LiftLogicWidgetExtension */;
		};
/* End PBXFileSystemSynchronizedBuildFileExceptionSet section */

/* Begin PBXFileSystemSynchronizedRootGroup section */
		143A8F7B2FC12B7100A0D047 /* LiftLogic */ = {
			isa = PBXFileSystemSynchronizedRootGroup;
			exceptions = (
				14898A022FC55371009A7629 /* Exceptions for "LiftLogic" folder in "LiftLogic" target */,
				14898A2D2FC5F6BF009A7629 /* Exceptions for "LiftLogic" folder in "LiftLogicWidgetExtension" target */,
			);
			path = LiftLogic;
			sourceTree = "<group>";
		};
		143A8F8B2FC12B7400A0D047 /* LiftLogicTests */ = {
			isa = PBXFileSystemSynchronizedRootGroup;
			path = LiftLogicTests;
			sourceTree = "<group>";
		};
		143A8F952FC12B7400A0D047 /* LiftLogicUITests */ = {
			isa = PBXFileSystemSynchronizedRootGroup;
			path = LiftLogicUITests;
			sourceTree = "<group>";
		};
		14898A162FC5F4D0009A7629 /* LiftLogicWidget */ = {
			isa = PBXFileSystemSynchronizedRootGroup;
			exceptions = (
				14898A282FC5F4D2009A7629 /* Exceptions for "LiftLogicWidget" folder in "LiftLogicWidgetExtension" target */,
			);
			path = LiftLogicWidget;
			sourceTree = "<group>";
		};
/* End PBXFileSystemSynchronizedRootGroup section */

/* Begin PBXFrameworksBuildPhase section */
		143A8F762FC12B7100A0D047 /* Frameworks */ = {
			isa = PBXFrameworksBuildPhase;
			buildActionMask = 2147483647;
			files = (
				14897B392FC380BC009A7629 /* StoreKit.framework in Frameworks */,
			);
			runOnlyForDeploymentPostprocessing = 0;
		};
		143A8F852FC12B7400A0D047 /* Frameworks */ = {
			isa = PBXFrameworksBuildPhase;
			buildActionMask = 2147483647;
			files = (
			);
			runOnlyForDeploymentPostprocessing = 0;
		};
		143A8F8F2FC12B7400A0D047 /* Frameworks */ = {
			isa = PBXFrameworksBuildPhase;
			buildActionMask = 2147483647;
			files = (
			);
			runOnlyForDeploymentPostprocessing = 0;
		};
		14898A0E2FC5F4D0009A7629 /* Frameworks */ = {
			isa = PBXFrameworksBuildPhase;
			buildActionMask = 2147483647;
			files = (
				14898A152FC5F4D0009A7629 /* SwiftUI.framework in Frameworks */,
				14898A132FC5F4D0009A7629 /* WidgetKit.framework in Frameworks */,
			);
			runOnlyForDeploymentPostprocessing = 0;
		};
/* End PBXFrameworksBuildPhase section */

/* Begin PBXGroup section */
		143A8F702FC12B7100A0D047 = {
			isa = PBXGroup;
			children = (
				149118FA302952540038180D /* LiftLogicWidgetExtension.entitlements */,
				143A8F7B2FC12B7100A0D047 /* LiftLogic */,
				143A8F8B2FC12B7400A0D047 /* LiftLogicTests */,
				143A8F952FC12B7400A0D047 /* LiftLogicUITests */,
				14898A162FC5F4D0009A7629 /* LiftLogicWidget */,
				14897B372FC380BC009A7629 /* Frameworks */,
				143A8F7A2FC12B7100A0D047 /* Products */,
			);
			sourceTree = "<group>";
		};
		143A8F7A2FC12B7100A0D047 /* Products */ = {
			isa = PBXGroup;
			children = (
				143A8F792FC12B7100A0D047 /* LiftLogic.app */,
				143A8F882FC12B7400A0D047 /* LiftLogicTests.xctest */,
				143A8F922FC12B7400A0D047 /* LiftLogicUITests.xctest */,
				14898A112FC5F4D0009A7629 /* LiftLogicWidgetExtension.appex */,
			);
			name = Products;
			sourceTree = "<group>";
		};
		14897B372FC380BC009A7629 /* Frameworks */ = {
			isa = PBXGroup;
			children = (
				14897B382FC380BC009A7629 /* StoreKit.framework */,
				14898A122FC5F4D0009A7629 /* WidgetKit.framework */,
				14898A142FC5F4D0009A7629 /* SwiftUI.framework */,
			);
			name = Frameworks;
			sourceTree = "<group>";
		};
/* End PBXGroup section */

/* Begin PBXNativeTarget section */
		143A8F782FC12B7100A0D047 /* LiftLogic */ = {
			isa = PBXNativeTarget;
			buildConfigurationList = 143A8F9C2FC12B7400A0D047 /* Build configuration list for PBXNativeTarget "LiftLogic" */;
			buildPhases = (
				143A8F752FC12B7100A0D047 /* Sources */,
				143A8F762FC12B7100A0D047 /* Frameworks */,
				143A8F772FC12B7100A0D047 /* Resources */,
				14898A292FC5F4D2009A7629 /* Embed Foundation Extensions */,
			);
			buildRules = (
			);
			dependencies = (
				14898A232FC5F4D2009A7629 /* PBXTargetDependency */,
			);
			fileSystemSynchronizedGroups = (
				143A8F7B2FC12B7100A0D047 /* LiftLogic */,
			);
			name = LiftLogic;
			packageProductDependencies = (
			);
			productName = LiftLogic;
			productReference = 143A8F792FC12B7100A0D047 /* LiftLogic.app */;
			productType = "com.apple.product-type.application";
		};
		143A8F872FC12B7400A0D047 /* LiftLogicTests */ = {
			isa = PBXNativeTarget;
			buildConfigurationList = 143A8F9F2FC12B7400A0D047 /* Build configuration list for PBXNativeTarget "LiftLogicTests" */;
			buildPhases = (
				143A8F842FC12B7400A0D047 /* Sources */,
				143A8F852FC12B7400A0D047 /* Frameworks */,
				143A8F862FC12B7400A0D047 /* Resources */,
			);
			buildRules = (
			);
			dependencies = (
				143A8F8A2FC12B7400A0D047 /* PBXTargetDependency */,
			);
			fileSystemSynchronizedGroups = (
				143A8F8B2FC12B7400A0D047 /* LiftLogicTests */,
			);
			name = LiftLogicTests;
			packageProductDependencies = (
			);
			productName = LiftLogicTests;
			productReference = 143A8F882FC12B7400A0D047 /* LiftLogicTests.xctest */;
			productType = "com.apple.product-type.bundle.unit-test";
		};
		143A8F912FC12B7400A0D047 /* LiftLogicUITests */ = {
			isa = PBXNativeTarget;
			buildConfigurationList = 143A8FA22FC12B7400A0D047 /* Build configuration list for PBXNativeTarget "LiftLogicUITests" */;
			buildPhases = (
				143A8F8E2FC12B7400A0D047 /* Sources */,
				143A8F8F2FC12B7400A0D047 /* Frameworks */,
				143A8F902FC12B7400A0D047 /* Resources */,
			);
			buildRules = (
			);
			dependencies = (
				143A8F942FC12B7400A0D047 /* PBXTargetDependency */,
			);
			fileSystemSynchronizedGroups = (
				143A8F952FC12B7400A0D047 /* LiftLogicUITests */,
			);
			name = LiftLogicUITests;
			packageProductDependencies = (
			);
			productName = LiftLogicUITests;
			productReference = 143A8F922FC12B7400A0D047 /* LiftLogicUITests.xctest */;
			productType = "com.apple.product-type.bundle.ui-testing";
		};
		14898A102FC5F4D0009A7629 /* LiftLogicWidgetExtension */ = {
			isa = PBXNativeTarget;
			buildConfigurationList = 14898A252FC5F4D2009A7629 /* Build configuration list for PBXNativeTarget "LiftLogicWidgetExtension" */;
			buildPhases = (
				14898A0D2FC5F4D0009A7629 /* Sources */,
				14898A0E2FC5F4D0009A7629 /* Frameworks */,
				14898A0F2FC5F4D0009A7629 /* Resources */,
			);
			buildRules = (
			);
			dependencies = (
			);
			fileSystemSynchronizedGroups = (
				14898A162FC5F4D0009A7629 /* LiftLogicWidget */,
			);
			name = LiftLogicWidgetExtension;
			packageProductDependencies = (
			);
			productName = LiftLogicWidgetExtension;
			productReference = 14898A112FC5F4D0009A7629 /* LiftLogicWidgetExtension.appex */;
			productType = "com.apple.product-type.app-extension";
		};
/* End PBXNativeTarget section */

/* Begin PBXProject section */
		143A8F712FC12B7100A0D047 /* Project object */ = {
			isa = PBXProject;
			attributes = {
				BuildIndependentTargetsInParallel = 1;
				LastSwiftUpdateCheck = 2650;
				LastUpgradeCheck = 2660;
				TargetAttributes = {
					143A8F782FC12B7100A0D047 = {
						CreatedOnToolsVersion = 26.5;
					};
					143A8F872FC12B7400A0D047 = {
						CreatedOnToolsVersion = 26.5;
						TestTargetID = 143A8F782FC12B7100A0D047;
					};
					143A8F912FC12B7400A0D047 = {
						CreatedOnToolsVersion = 26.5;
						TestTargetID = 143A8F782FC12B7100A0D047;
					};
					14898A102FC5F4D0009A7629 = {
						CreatedOnToolsVersion = 26.5;
					};
				};
			};
			buildConfigurationList = 143A8F742FC12B7100A0D047 /* Build configuration list for PBXProject "LiftLogic" */;
			developmentRegion = en;
			hasScannedForEncodings = 0;
			knownRegions = (
				en,
				Base,
			);
			mainGroup = 143A8F702FC12B7100A0D047;
			minimizedProjectReferenceProxies = 1;
			preferredProjectObjectVersion = 77;
			productRefGroup = 143A8F7A2FC12B7100A0D047 /* Products */;
			projectDirPath = "";
			projectRoot = "";
			targets = (
				143A8F782FC12B7100A0D047 /* LiftLogic */,
				143A8F872FC12B7400A0D047 /* LiftLogicTests */,
				143A8F912FC12B7400A0D047 /* LiftLogicUITests */,
				14898A102FC5F4D0009A7629 /* LiftLogicWidgetExtension */,
			);
		};
/* End PBXProject section */

/* Begin PBXResourcesBuildPhase section */
		143A8F772FC12B7100A0D047 /* Resources */ = {
			isa = PBXResourcesBuildPhase;
			buildActionMask = 2147483647;
			files = (
			);
			runOnlyForDeploymentPostprocessing = 0;
		};
		143A8F862FC12B7400A0D047 /* Resources */ = {
			isa = PBXResourcesBuildPhase;
			buildActionMask = 2147483647;
			files = (
			);
			runOnlyForDeploymentPostprocessing = 0;
		};
		143A8F902FC12B7400A0D047 /* Resources */ = {
			isa = PBXResourcesBuildPhase;
			buildActionMask = 2147483647;
			files = (
			);
			runOnlyForDeploymentPostprocessing = 0;
		};
		14898A0F2FC5F4D0009A7629 /* Resources */ = {
			isa = PBXResourcesBuildPhase;
			buildActionMask = 2147483647;
			files = (
			);
			runOnlyForDeploymentPostprocessing = 0;
		};
/* End PBXResourcesBuildPhase section */

/* Begin PBXSourcesBuildPhase section */
		143A8F752FC12B7100A0D047 /* Sources */ = {
			isa = PBXSourcesBuildPhase;
			buildActionMask = 2147483647;
			files = (
			);
			runOnlyForDeploymentPostprocessing = 0;
		};
		143A8F842FC12B7400A0D047 /* Sources */ = {
			isa = PBXSourcesBuildPhase;
			buildActionMask = 2147483647;
			files = (
			);
			runOnlyForDeploymentPostprocessing = 0;
		};
		143A8F8E2FC12B7400A0D047 /* Sources */ = {
			isa = PBXSourcesBuildPhase;
			buildActionMask = 2147483647;
			files = (
			);
			runOnlyForDeploymentPostprocessing = 0;
		};
		14898A0D2FC5F4D0009A7629 /* Sources */ = {
			isa = PBXSourcesBuildPhase;
			buildActionMask = 2147483647;
			files = (
			);
			runOnlyForDeploymentPostprocessing = 0;
		};
/* End PBXSourcesBuildPhase section */

/* Begin PBXTargetDependency section */
		143A8F8A2FC12B7400A0D047 /* PBXTargetDependency */ = {
			isa = PBXTargetDependency;
			target = 143A8F782FC12B7100A0D047 /* LiftLogic */;
			targetProxy = 143A8F892FC12B7400A0D047 /* PBXContainerItemProxy */;
		};
		143A8F942FC12B7400A0D047 /* PBXTargetDependency */ = {
			isa = PBXTargetDependency;
			target = 143A8F782FC12B7100A0D047 /* LiftLogic */;
			targetProxy = 143A8F932FC12B7400A0D047 /* PBXContainerItemProxy */;
		};
		14898A232FC5F4D2009A7629 /* PBXTargetDependency */ = {
			isa = PBXTargetDependency;
			target = 14898A102FC5F4D0009A7629 /* LiftLogicWidgetExtension */;
			targetProxy = 14898A222FC5F4D2009A7629 /* PBXContainerItemProxy */;
		};
/* End PBXTargetDependency section */

/* Begin XCBuildConfiguration section */
		143A8F9A2FC12B7400A0D047 /* Debug */ = {
			isa = XCBuildConfiguration;
			buildSettings = {
				ALWAYS_SEARCH_USER_PATHS = NO;
				ASSETCATALOG_COMPILER_GENERATE_SWIFT_ASSET_SYMBOL_EXTENSIONS = YES;
				CLANG_ANALYZER_NONNULL = YES;
				CLANG_ANALYZER_NUMBER_OBJECT_CONVERSION = YES_AGGRESSIVE;
				CLANG_CXX_LANGUAGE_STANDARD = "gnu++20";
				CLANG_ENABLE_MODULES = YES;
				CLANG_ENABLE_OBJC_ARC = YES;
				CLANG_ENABLE_OBJC_WEAK = YES;
				CLANG_WARN_BLOCK_CAPTURE_AUTORELEASING = YES;
				CLANG_WARN_BOOL_CONVERSION = YES;
				CLANG_WARN_COMMA = YES;
				CLANG_WARN_CONSTANT_CONVERSION = YES;
				CLANG_WARN_DEPRECATED_OBJC_IMPLEMENTATIONS = YES;
				CLANG_WARN_DIRECT_OBJC_ISA_USAGE = YES_ERROR;
				CLANG_WARN_DOCUMENTATION_COMMENTS = YES;
				CLANG_WARN_EMPTY_BODY = YES;
				CLANG_WARN_ENUM_CONVERSION = YES;
				CLANG_WARN_INFINITE_RECURSION = YES;
				CLANG_WARN_INT_CONVERSION = YES;
				CLANG_WARN_NON_LITERAL_NULL_CONVERSION = YES;
				CLANG_WARN_OBJC_IMPLICIT_RETAIN_SELF = YES;
				CLANG_WARN_OBJC_LITERAL_CONVERSION = YES;
				CLANG_WARN_OBJC_ROOT_CLASS = YES_ERROR;
				CLANG_WARN_QUOTED_INCLUDE_IN_FRAMEWORK_HEADER = YES;
				CLANG_WARN_RANGE_LOOP_ANALYSIS = YES;
				CLANG_WARN_STRICT_PROTOTYPES = YES;
				CLANG_WARN_SUSPICIOUS_MOVE = YES;
				CLANG_WARN_UNGUARDED_AVAILABILITY = YES_AGGRESSIVE;
				CLANG_WARN_UNREACHABLE_CODE = YES;
				CLANG_WARN__DUPLICATE_METHOD_MATCH = YES;
				COPY_PHASE_STRIP = NO;
				DEBUG_INFORMATION_FORMAT = dwarf;
				DEVELOPMENT_TEAM = 4CD86DZ6WP;
				ENABLE_STRICT_OBJC_MSGSEND = YES;
				ENABLE_TESTABILITY = YES;
				ENABLE_USER_SCRIPT_SANDBOXING = YES;
				GCC_C_LANGUAGE_STANDARD = gnu17;
				GCC_DYNAMIC_NO_PIC = NO;
				GCC_NO_COMMON_BLOCKS = YES;
				GCC_OPTIMIZATION_LEVEL = 0;
				GCC_PREPROCESSOR_DEFINITIONS = (
					"DEBUG=1",
					"$(inherited)",
				);
				GCC_WARN_64_TO_32_BIT_CONVERSION = YES;
				GCC_WARN_ABOUT_RETURN_TYPE = YES_ERROR;
				GCC_WARN_UNDECLARED_SELECTOR = YES;
				GCC_WARN_UNINITIALIZED_AUTOS = YES_AGGRESSIVE;
				GCC_WARN_UNUSED_FUNCTION = YES;
				GCC_WARN_UNUSED_VARIABLE = YES;
				IPHONEOS_DEPLOYMENT_TARGET = 26.5;
				LOCALIZATION_PREFERS_STRING_CATALOGS = YES;
				MTL_ENABLE_DEBUG_INFO = INCLUDE_SOURCE;
				MTL_FAST_MATH = YES;
				ONLY_ACTIVE_ARCH = YES;
				SDKROOT = iphoneos;
				STRING_CATALOG_GENERATE_SYMBOLS = YES;
				SWIFT_ACTIVE_COMPILATION_CONDITIONS = "DEBUG $(inherited)";
				SWIFT_OPTIMIZATION_LEVEL = "-Onone";
			};
			name = Debug;
		};
		143A8F9B2FC12B7400A0D047 /* Release */ = {
			isa = XCBuildConfiguration;
			buildSettings = {
				ALWAYS_SEARCH_USER_PATHS = NO;
				ASSETCATALOG_COMPILER_GENERATE_SWIFT_ASSET_SYMBOL_EXTENSIONS = YES;
				CLANG_ANALYZER_NONNULL = YES;
				CLANG_ANALYZER_NUMBER_OBJECT_CONVERSION = YES_AGGRESSIVE;
				CLANG_CXX_LANGUAGE_STANDARD = "gnu++20";
				CLANG_ENABLE_MODULES = YES;
				CLANG_ENABLE_OBJC_ARC = YES;
				CLANG_ENABLE_OBJC_WEAK = YES;
				CLANG_WARN_BLOCK_CAPTURE_AUTORELEASING = YES;
				CLANG_WARN_BOOL_CONVERSION = YES;
				CLANG_WARN_COMMA = YES;
				CLANG_WARN_CONSTANT_CONVERSION = YES;
				CLANG_WARN_DEPRECATED_OBJC_IMPLEMENTATIONS = YES;
				CLANG_WARN_DIRECT_OBJC_ISA_USAGE = YES_ERROR;
				CLANG_WARN_DOCUMENTATION_COMMENTS = YES;
				CLANG_WARN_EMPTY_BODY = YES;
				CLANG_WARN_ENUM_CONVERSION = YES;
				CLANG_WARN_INFINITE_RECURSION = YES;
				CLANG_WARN_INT_CONVERSION = YES;
				CLANG_WARN_NON_LITERAL_NULL_CONVERSION = YES;
				CLANG_WARN_OBJC_IMPLICIT_RETAIN_SELF = YES;
				CLANG_WARN_OBJC_LITERAL_CONVERSION = YES;
				CLANG_WARN_OBJC_ROOT_CLASS = YES_ERROR;
				CLANG_WARN_QUOTED_INCLUDE_IN_FRAMEWORK_HEADER = YES;
				CLANG_WARN_RANGE_LOOP_ANALYSIS = YES;
				CLANG_WARN_STRICT_PROTOTYPES = YES;
				CLANG_WARN_SUSPICIOUS_MOVE = YES;
				CLANG_WARN_UNGUARDED_AVAILABILITY = YES_AGGRESSIVE;
				CLANG_WARN_UNREACHABLE_CODE = YES;
				CLANG_WARN__DUPLICATE_METHOD_MATCH = YES;
				COPY_PHASE_STRIP = NO;
				DEBUG_INFORMATION_FORMAT = "dwarf-with-dsym";
				DEVELOPMENT_TEAM = 4CD86DZ6WP;
				ENABLE_NS_ASSERTIONS = NO;
				ENABLE_STRICT_OBJC_MSGSEND = YES;
				ENABLE_USER_SCRIPT_SANDBOXING = YES;
				GCC_C_LANGUAGE_STANDARD = gnu17;
				GCC_NO_COMMON_BLOCKS = YES;
				GCC_WARN_64_TO_32_BIT_CONVERSION = YES;
				GCC_WARN_ABOUT_RETURN_TYPE = YES_ERROR;
				GCC_WARN_UNDECLARED_SELECTOR = YES;
				GCC_WARN_UNINITIALIZED_AUTOS = YES_AGGRESSIVE;
				GCC_WARN_UNUSED_FUNCTION = YES;
				GCC_WARN_UNUSED_VARIABLE = YES;
				IPHONEOS_DEPLOYMENT_TARGET = 26.5;
				LOCALIZATION_PREFERS_STRING_CATALOGS = YES;
				MTL_ENABLE_DEBUG_INFO = NO;
				MTL_FAST_MATH = YES;
				SDKROOT = iphoneos;
				STRING_CATALOG_GENERATE_SYMBOLS = YES;
				SWIFT_COMPILATION_MODE = wholemodule;
				VALIDATE_PRODUCT = YES;
			};
			name = Release;
		};
		143A8F9D2FC12B7400A0D047 /* Debug */ = {
			isa = XCBuildConfiguration;
			buildSettings = {
				ASSETCATALOG_COMPILER_APPICON_NAME = AppIcon;
				ASSETCATALOG_COMPILER_GLOBAL_ACCENT_COLOR_NAME = AccentColor;
				CODE_SIGN_ENTITLEMENTS = LiftLogic/LiftLogic.entitlements;
				CODE_SIGN_STYLE = Automatic;
				CURRENT_PROJECT_VERSION = 1;
				DEVELOPMENT_TEAM = 4CD86DZ6WP;
				ENABLE_PREVIEWS = YES;
				EXCLUDED_SOURCE_FILE_NAMES = .gitkeep;
				GENERATE_INFOPLIST_FILE = YES;
				INFOPLIST_FILE = LiftLogic/Info.plist;
				INFOPLIST_KEY_LSApplicationCategoryType = "";
				INFOPLIST_KEY_NSSupportsLiveActivities = YES;
				INFOPLIST_KEY_UIApplicationSceneManifest_Generation = YES;
				INFOPLIST_KEY_UIApplicationSupportsIndirectInputEvents = YES;
				INFOPLIST_KEY_UISupportedInterfaceOrientations_iPad = "UIInterfaceOrientationPortrait UIInterfaceOrientationPortraitUpsideDown UIInterfaceOrientationLandscapeLeft UIInterfaceOrientationLandscapeRight";
				INFOPLIST_KEY_UISupportedInterfaceOrientations_iPhone = UIInterfaceOrientationPortrait;
				LD_RUNPATH_SEARCH_PATHS = (
					"$(inherited)",
					"@executable_path/Frameworks",
				);
				MARKETING_VERSION = 1.0;
				PRODUCT_BUNDLE_IDENTIFIER = com.DelonSampaio.LiftLogic;
				PRODUCT_NAME = "$(TARGET_NAME)";
				STRING_CATALOG_GENERATE_SYMBOLS = YES;
				SWIFT_APPROACHABLE_CONCURRENCY = YES;
				SWIFT_DEFAULT_ACTOR_ISOLATION = MainActor;
				SWIFT_EMIT_LOC_STRINGS = YES;
				SWIFT_UPCOMING_FEATURE_MEMBER_IMPORT_VISIBILITY = YES;
				SWIFT_VERSION = 5.0;
				TARGETED_DEVICE_FAMILY = "1,2";
			};
			name = Debug;
		};
		143A8F9E2FC12B7400A0D047 /* Release */ = {
			isa = XCBuildConfiguration;
			buildSettings = {
				ASSETCATALOG_COMPILER_APPICON_NAME = AppIcon;
				ASSETCATALOG_COMPILER_GLOBAL_ACCENT_COLOR_NAME = AccentColor;
				CODE_SIGN_ENTITLEMENTS = LiftLogic/LiftLogic.entitlements;
				CODE_SIGN_STYLE = Automatic;
				CURRENT_PROJECT_VERSION = 1;
				DEVELOPMENT_TEAM = 4CD86DZ6WP;
				ENABLE_PREVIEWS = YES;
				EXCLUDED_SOURCE_FILE_NAMES = .gitkeep;
				GENERATE_INFOPLIST_FILE = YES;
				INFOPLIST_FILE = LiftLogic/Info.plist;
				INFOPLIST_KEY_LSApplicationCategoryType = "";
				INFOPLIST_KEY_NSSupportsLiveActivities = YES;
				INFOPLIST_KEY_UIApplicationSceneManifest_Generation = YES;
				INFOPLIST_KEY_UIApplicationSupportsIndirectInputEvents = YES;
				INFOPLIST_KEY_UISupportedInterfaceOrientations_iPad = "UIInterfaceOrientationPortrait UIInterfaceOrientationPortraitUpsideDown UIInterfaceOrientationLandscapeLeft UIInterfaceOrientationLandscapeRight";
				INFOPLIST_KEY_UISupportedInterfaceOrientations_iPhone = UIInterfaceOrientationPortrait;
				LD_RUNPATH_SEARCH_PATHS = (
					"$(inherited)",
					"@executable_path/Frameworks",
				);
				MARKETING_VERSION = 1.0;
				PRODUCT_BUNDLE_IDENTIFIER = com.DelonSampaio.LiftLogic;
				PRODUCT_NAME = "$(TARGET_NAME)";
				STRING_CATALOG_GENERATE_SYMBOLS = YES;
				SWIFT_APPROACHABLE_CONCURRENCY = YES;
				SWIFT_DEFAULT_ACTOR_ISOLATION = MainActor;
				SWIFT_EMIT_LOC_STRINGS = YES;
				SWIFT_UPCOMING_FEATURE_MEMBER_IMPORT_VISIBILITY = YES;
				SWIFT_VERSION = 5.0;
				TARGETED_DEVICE_FAMILY = "1,2";
			};
			name = Release;
		};
		143A8FA02FC12B7400A0D047 /* Debug */ = {
			isa = XCBuildConfiguration;
			buildSettings = {
				BUNDLE_LOADER = "$(TEST_HOST)";
				CODE_SIGN_STYLE = Automatic;
				CURRENT_PROJECT_VERSION = 1;
				DEVELOPMENT_TEAM = 4CD86DZ6WP;
				EXCLUDED_SOURCE_FILE_NAMES = .gitkeep;
				GENERATE_INFOPLIST_FILE = YES;
				IPHONEOS_DEPLOYMENT_TARGET = 26.5;
				MARKETING_VERSION = 1.0;
				PRODUCT_BUNDLE_IDENTIFIER = com.DelonSampaio.LiftLogicTests;
				PRODUCT_NAME = "$(TARGET_NAME)";
				STRING_CATALOG_GENERATE_SYMBOLS = NO;
				SWIFT_APPROACHABLE_CONCURRENCY = YES;
				SWIFT_EMIT_LOC_STRINGS = NO;
				SWIFT_UPCOMING_FEATURE_MEMBER_IMPORT_VISIBILITY = YES;
				SWIFT_VERSION = 5.0;
				TARGETED_DEVICE_FAMILY = "1,2";
				TEST_HOST = "$(BUILT_PRODUCTS_DIR)/LiftLogic.app/$(BUNDLE_EXECUTABLE_FOLDER_PATH)/LiftLogic";
			};
			name = Debug;
		};
		143A8FA12FC12B7400A0D047 /* Release */ = {
			isa = XCBuildConfiguration;
			buildSettings = {
				BUNDLE_LOADER = "$(TEST_HOST)";
				CODE_SIGN_STYLE = Automatic;
				CURRENT_PROJECT_VERSION = 1;
				DEVELOPMENT_TEAM = 4CD86DZ6WP;
				EXCLUDED_SOURCE_FILE_NAMES = .gitkeep;
				GENERATE_INFOPLIST_FILE = YES;
				IPHONEOS_DEPLOYMENT_TARGET = 26.5;
				MARKETING_VERSION = 1.0;
				PRODUCT_BUNDLE_IDENTIFIER = com.DelonSampaio.LiftLogicTests;
				PRODUCT_NAME = "$(TARGET_NAME)";
				STRING_CATALOG_GENERATE_SYMBOLS = NO;
				SWIFT_APPROACHABLE_CONCURRENCY = YES;
				SWIFT_EMIT_LOC_STRINGS = NO;
				SWIFT_UPCOMING_FEATURE_MEMBER_IMPORT_VISIBILITY = YES;
				SWIFT_VERSION = 5.0;
				TARGETED_DEVICE_FAMILY = "1,2";
				TEST_HOST = "$(BUILT_PRODUCTS_DIR)/LiftLogic.app/$(BUNDLE_EXECUTABLE_FOLDER_PATH)/LiftLogic";
			};
			name = Release;
		};
		143A8FA32FC12B7400A0D047 /* Debug */ = {
			isa = XCBuildConfiguration;
			buildSettings = {
				CODE_SIGN_STYLE = Automatic;
				CURRENT_PROJECT_VERSION = 1;
				DEVELOPMENT_TEAM = 4CD86DZ6WP;
				EXCLUDED_SOURCE_FILE_NAMES = .gitkeep;
				GENERATE_INFOPLIST_FILE = YES;
				MARKETING_VERSION = 1.0;
				PRODUCT_BUNDLE_IDENTIFIER = com.DelonSampaio.LiftLogicUITests;
				PRODUCT_NAME = "$(TARGET_NAME)";
				STRING_CATALOG_GENERATE_SYMBOLS = NO;
				SWIFT_APPROACHABLE_CONCURRENCY = YES;
				SWIFT_EMIT_LOC_STRINGS = NO;
				SWIFT_UPCOMING_FEATURE_MEMBER_IMPORT_VISIBILITY = YES;
				SWIFT_VERSION = 5.0;
				TARGETED_DEVICE_FAMILY = "1,2";
				TEST_TARGET_NAME = LiftLogic;
			};
			name = Debug;
		};
		143A8FA42FC12B7400A0D047 /* Release */ = {
			isa = XCBuildConfiguration;
			buildSettings = {
				CODE_SIGN_STYLE = Automatic;
				CURRENT_PROJECT_VERSION = 1;
				DEVELOPMENT_TEAM = 4CD86DZ6WP;
				EXCLUDED_SOURCE_FILE_NAMES = .gitkeep;
				GENERATE_INFOPLIST_FILE = YES;
				MARKETING_VERSION = 1.0;
				PRODUCT_BUNDLE_IDENTIFIER = com.DelonSampaio.LiftLogicUITests;
				PRODUCT_NAME = "$(TARGET_NAME)";
				STRING_CATALOG_GENERATE_SYMBOLS = NO;
				SWIFT_APPROACHABLE_CONCURRENCY = YES;
				SWIFT_EMIT_LOC_STRINGS = NO;
				SWIFT_UPCOMING_FEATURE_MEMBER_IMPORT_VISIBILITY = YES;
				SWIFT_VERSION = 5.0;
				TARGETED_DEVICE_FAMILY = "1,2";
				TEST_TARGET_NAME = LiftLogic;
			};
			name = Release;
		};
		14898A262FC5F4D2009A7629 /* Debug */ = {
			isa = XCBuildConfiguration;
			buildSettings = {
				ASSETCATALOG_COMPILER_GLOBAL_ACCENT_COLOR_NAME = AccentColor;
				ASSETCATALOG_COMPILER_WIDGET_BACKGROUND_COLOR_NAME = WidgetBackground;
				CODE_SIGN_ENTITLEMENTS = LiftLogicWidgetExtension.entitlements;
				CODE_SIGN_STYLE = Automatic;
				CURRENT_PROJECT_VERSION = 1;
				DEVELOPMENT_TEAM = 4CD86DZ6WP;
				GENERATE_INFOPLIST_FILE = YES;
				INFOPLIST_FILE = LiftLogicWidget/Info.plist;
				INFOPLIST_KEY_CFBundleDisplayName = LiftLogicWidget;
				INFOPLIST_KEY_NSHumanReadableCopyright = "";
				LD_RUNPATH_SEARCH_PATHS = (
					"$(inherited)",
					"@executable_path/Frameworks",
					"@executable_path/../../Frameworks",
				);
				MARKETING_VERSION = 1.0;
				PRODUCT_BUNDLE_IDENTIFIER = com.DelonSampaio.LiftLogic.LiftLogicWidget;
				PRODUCT_NAME = "$(TARGET_NAME)";
				SKIP_INSTALL = YES;
				STRING_CATALOG_GENERATE_SYMBOLS = YES;
				SWIFT_APPROACHABLE_CONCURRENCY = YES;
				SWIFT_EMIT_LOC_STRINGS = YES;
				SWIFT_UPCOMING_FEATURE_MEMBER_IMPORT_VISIBILITY = YES;
				SWIFT_VERSION = 5.0;
				TARGETED_DEVICE_FAMILY = "1,2";
			};
			name = Debug;
		};
		14898A272FC5F4D2009A7629 /* Release */ = {
			isa = XCBuildConfiguration;
			buildSettings = {
				ASSETCATALOG_COMPILER_GLOBAL_ACCENT_COLOR_NAME = AccentColor;
				ASSETCATALOG_COMPILER_WIDGET_BACKGROUND_COLOR_NAME = WidgetBackground;
				CODE_SIGN_ENTITLEMENTS = LiftLogicWidgetExtension.entitlements;
				CODE_SIGN_STYLE = Automatic;
				CURRENT_PROJECT_VERSION = 1;
				DEVELOPMENT_TEAM = 4CD86DZ6WP;
				GENERATE_INFOPLIST_FILE = YES;
				INFOPLIST_FILE = LiftLogicWidget/Info.plist;
				INFOPLIST_KEY_CFBundleDisplayName = LiftLogicWidget;
				INFOPLIST_KEY_NSHumanReadableCopyright = "";
				LD_RUNPATH_SEARCH_PATHS = (
					"$(inherited)",
					"@executable_path/Frameworks",
					"@executable_path/../../Frameworks",
				);
				MARKETING_VERSION = 1.0;
				PRODUCT_BUNDLE_IDENTIFIER = com.DelonSampaio.LiftLogic.LiftLogicWidget;
				PRODUCT_NAME = "$(TARGET_NAME)";
				SKIP_INSTALL = YES;
				STRING_CATALOG_GENERATE_SYMBOLS = YES;
				SWIFT_APPROACHABLE_CONCURRENCY = YES;
				SWIFT_EMIT_LOC_STRINGS = YES;
				SWIFT_UPCOMING_FEATURE_MEMBER_IMPORT_VISIBILITY = YES;
				SWIFT_VERSION = 5.0;
				TARGETED_DEVICE_FAMILY = "1,2";
			};
			name = Release;
		};
/* End XCBuildConfiguration section */

/* Begin XCConfigurationList section */
		143A8F742FC12B7100A0D047 /* Build configuration list for PBXProject "LiftLogic" */ = {
			isa = XCConfigurationList;
			buildConfigurations = (
				143A8F9A2FC12B7400A0D047 /* Debug */,
				143A8F9B2FC12B7400A0D047 /* Release */,
			);
			defaultConfigurationIsVisible = 0;
			defaultConfigurationName = Release;
		};
		143A8F9C2FC12B7400A0D047 /* Build configuration list for PBXNativeTarget "LiftLogic" */ = {
			isa = XCConfigurationList;
			buildConfigurations = (
				143A8F9D2FC12B7400A0D047 /* Debug */,
				143A8F9E2FC12B7400A0D047 /* Release */,
			);
			defaultConfigurationIsVisible = 0;
			defaultConfigurationName = Release;
		};
		143A8F9F2FC12B7400A0D047 /* Build configuration list for PBXNativeTarget "LiftLogicTests" */ = {
			isa = XCConfigurationList;
			buildConfigurations = (
				143A8FA02FC12B7400A0D047 /* Debug */,
				143A8FA12FC12B7400A0D047 /* Release */,
			);
			defaultConfigurationIsVisible = 0;
			defaultConfigurationName = Release;
		};
		143A8FA22FC12B7400A0D047 /* Build configuration list for PBXNativeTarget "LiftLogicUITests" */ = {
			isa = XCConfigurationList;
			buildConfigurations = (
				143A8FA32FC12B7400A0D047 /* Debug */,
				143A8FA42FC12B7400A0D047 /* Release */,
			);
			defaultConfigurationIsVisible = 0;
			defaultConfigurationName = Release;
		};
		14898A252FC5F4D2009A7629 /* Build configuration list for PBXNativeTarget "LiftLogicWidgetExtension" */ = {
			isa = XCConfigurationList;
			buildConfigurations = (
				14898A262FC5F4D2009A7629 /* Debug */,
				14898A272FC5F4D2009A7629 /* Release */,
			);
			defaultConfigurationIsVisible = 0;
			defaultConfigurationName = Release;
		};
/* End XCConfigurationList section */
	};
	rootObject = 143A8F712FC12B7100A0D047 /* Project object */;
}
